
Microsoft Visual Studio Solution File, Format Version 12.00
# Visual Studio Version 17
VisualStudioVersion = 17.10.35027.167
MinimumVisualStudioVersion = 10.0.40219.1
Project("{FAE04EC0-301F-11D3-BF4B-00C04F79EFBC}") = "LEProc", "LEProc\LEProc.csproj", "{A2CF5369-4665-49F6-B948-B44296002C3D}"
EndProject
Project("{FAE04EC0-301F-11D3-BF4B-00C04F79EFBC}") = "LECommonLibrary", "LECommonLibrary\LECommonLibrary.csproj", "{C4DEF32B-8FBB-41B6-80DC-C60339402323}"
EndProject
Global
	GlobalSection(SolutionConfigurationPlatforms) = preSolution
		Debug|Any CPU = Debug|Any CPU
		Release|Any CPU = Release|Any CPU
	EndGlobalSection
	GlobalSection(ProjectConfigurationPlatforms) = postSolution
		{A2CF5369-4665-49F6-B948-B44296002C3D}.Debug|Any CPU.ActiveCfg = Debug|Any CPU
		{A2CF5369-4665-49F6-B948-B44296002C3D}.Debug|Any CPU.Build.0 = Debug|Any CPU
		{A2CF5369-4665-49F6-B948-B44296002C3D}.Release|Any CPU.ActiveCfg = Release|Any CPU
		{A2CF5369-4665-49F6-B948-B44296002C3D}.Release|Any CPU.Build.0 = Release|Any CPU
		{C4DEF32B-8FBB-41B6-80DC-C60339402323}.Debug|Any CPU.ActiveCfg = Debug|Any CPU
		{C4DEF32B-8FBB-41B6-80DC-C60339402323}.Debug|Any CPU.Build.0 = Debug|Any CPU
		{C4DEF32B-8FBB-41B6-80DC-C60339402323}.Release|Any CPU.ActiveCfg = Release|Any CPU
		{C4DEF32B-8FBB-41B6-80DC-C60339402323}.Release|Any CPU.Build.0 = Release|Any CPU
	EndGlobalSection
	GlobalSection(SolutionProperties) = preSolution
		HideSolutionNode = FALSE
	EndGlobalSection
	GlobalSection(ExtensibilityGlobals) = postSolution
		SolutionGuid = {BB83E844-41DB-4478-A6EC-E98C28AC06E9}
	EndGlobalSection
EndGlobal
